dependencies:
- name: ingestor-server
  repository: file://charts/ingestor-server
  version: v2.0.0
- name: frontend
  repository: file://charts/frontend
  version: v1.0.0
- name: nim-llm
  repository: https://helm.ngc.nvidia.com/nim
  version: 1.3.0
- name: nvidia-nim-llama-32-nv-embedqa-1b-v2
  repository: https://helm.ngc.nvidia.com/nim/nvidia
  version: 1.5.0
- name: text-reranking-nim
  repository: https://helm.ngc.nvidia.com/nim/nvidia
  version: 1.3.0
- name: zipkin
  repository: https://zipkin.io/zipkin-helm
  version: 0.1.2
- name: opentelemetry-collector
  repository: https://open-telemetry.github.io/opentelemetry-helm-charts
  version: 0.78.1
- name: kube-prometheus-stack
  repository: https://prometheus-community.github.io/helm-charts
  version: 69.7.2
digest: sha256:1e82dd371b0930400a5d373841cac671286f26937a3cb1c62b2490ae0c3248a4
generated: "2025-03-16T17:51:30.540171532Z"
