dependencies:
- name: ingestor-server
  repository: ""
  version: v2.1.0
- name: frontend
  repository: ""
  version: v2.1.0
- name: nim-llm
  repository: https://helm.ngc.nvidia.com/nim
  version: 1.7.0
- name: nvidia-nim-llama-32-nv-embedqa-1b-v2
  repository: https://helm.ngc.nvidia.com/nim/nvidia
  version: 1.5.0
- name: text-reranking-nim
  repository: https://helm.ngc.nvidia.com/nim/nvidia
  version: 1.3.0
- name: zipkin
  repository: https://zipkin.io/zipkin-helm
  version: 0.1.2
- name: opentelemetry-collector
  repository: https://open-telemetry.github.io/opentelemetry-helm-charts
  version: 0.78.1
- name: kube-prometheus-stack
  repository: https://prometheus-community.github.io/helm-charts
  version: 69.7.2
digest: sha256:1de3a94d06b48ba95ea05b5fe230af5eea2aa315cbc70caaf56b568326c87c5c
generated: "2025-05-09T01:09:48.90743241+05:30"
